
Microsoft Visual Studio Solution File, Format Version 12.00
# Visual Studio Version 17
VisualStudioVersion = 17.7.34024.191
MinimumVisualStudioVersion = 10.0.40219.1
Project("{9A19103F-16F7-4668-BE54-9A1E7A4F7556}") = "MultiUserBlogEngine.WebApi", "MultiUserBlogEngine.WebApi\MultiUserBlogEngine.WebApi.csproj", "{767A853B-7957-45BF-AAE6-D99C6C77A86E}"
EndProject
Project("{9A19103F-16F7-4668-BE54-9A1E7A4F7556}") = "MultiUserBlogEngine.Domain", "MultiUserBlogEngine.Domain\MultiUserBlogEngine.Domain.csproj", "{0C7A5EE8-0042-45D3-BEE3-852271972770}"
EndProject
Project("{9A19103F-16F7-4668-BE54-9A1E7A4F7556}") = "MultiUserBlogEngine.Infrastructure", "MultiUserBlogEngine.Infrastructure\MultiUserBlogEngine.Infrastructure.csproj", "{BC4D1A42-2A2F-4259-9E78-9D33B916E62C}"
EndProject
Project("{FAE04EC0-301F-11D3-BF4B-00C04F79EFBC}") = "MultiUserBlogEngine.HotStorage.WebApi", "MultiUserBlogEngine.HotStorage.WebApi\MultiUserBlogEngine.HotStorage.WebApi.csproj", "{C6B0E675-7C4B-4B32-A268-84638329CFCD}"
EndProject
Global
	GlobalSection(SolutionConfigurationPlatforms) = preSolution
		Debug|Any CPU = Debug|Any CPU
		Release|Any CPU = Release|Any CPU
	EndGlobalSection
	GlobalSection(ProjectConfigurationPlatforms) = postSolution
		{767A853B-7957-45BF-AAE6-D99C6C77A86E}.Debug|Any CPU.ActiveCfg = Debug|Any CPU
		{767A853B-7957-45BF-AAE6-D99C6C77A86E}.Debug|Any CPU.Build.0 = Debug|Any CPU
		{767A853B-7957-45BF-AAE6-D99C6C77A86E}.Release|Any CPU.ActiveCfg = Release|Any CPU
		{767A853B-7957-45BF-AAE6-D99C6C77A86E}.Release|Any CPU.Build.0 = Release|Any CPU
		{0C7A5EE8-0042-45D3-BEE3-852271972770}.Debug|Any CPU.ActiveCfg = Debug|Any CPU
		{0C7A5EE8-0042-45D3-BEE3-852271972770}.Debug|Any CPU.Build.0 = Debug|Any CPU
		{0C7A5EE8-0042-45D3-BEE3-852271972770}.Release|Any CPU.ActiveCfg = Release|Any CPU
		{0C7A5EE8-0042-45D3-BEE3-852271972770}.Release|Any CPU.Build.0 = Release|Any CPU
		{BC4D1A42-2A2F-4259-9E78-9D33B916E62C}.Debug|Any CPU.ActiveCfg = Debug|Any CPU
		{BC4D1A42-2A2F-4259-9E78-9D33B916E62C}.Debug|Any CPU.Build.0 = Debug|Any CPU
		{BC4D1A42-2A2F-4259-9E78-9D33B916E62C}.Release|Any CPU.ActiveCfg = Release|Any CPU
		{BC4D1A42-2A2F-4259-9E78-9D33B916E62C}.Release|Any CPU.Build.0 = Release|Any CPU
		{C6B0E675-7C4B-4B32-A268-84638329CFCD}.Debug|Any CPU.ActiveCfg = Debug|Any CPU
		{C6B0E675-7C4B-4B32-A268-84638329CFCD}.Debug|Any CPU.Build.0 = Debug|Any CPU
		{C6B0E675-7C4B-4B32-A268-84638329CFCD}.Release|Any CPU.ActiveCfg = Release|Any CPU
		{C6B0E675-7C4B-4B32-A268-84638329CFCD}.Release|Any CPU.Build.0 = Release|Any CPU
	EndGlobalSection
	GlobalSection(SolutionProperties) = preSolution
		HideSolutionNode = FALSE
	EndGlobalSection
	GlobalSection(ExtensibilityGlobals) = postSolution
		SolutionGuid = {23D4F551-2C12-4EFD-BB4A-8F205DDDEA41}
	EndGlobalSection
EndGlobal
